
Microsoft Visual Studio Solution File, Format Version 12.00
# Visual Studio 15
VisualStudioVersion = 15.0.27004.2005
MinimumVisualStudioVersion = 10.0.40219.1
Project("{FAE04EC0-301F-11D3-BF4B-00C04F79EFBC}") = "calc", "calc\calc.csproj", "{3A0F5C79-FAF9-4011-B6BD-5DF657DF98C1}"
EndProject
Global
	GlobalSection(SolutionConfigurationPlatforms) = preSolution
		Debug|Any CPU = Debug|Any CPU
		Release|Any CPU = Release|Any CPU
	EndGlobalSection
	GlobalSection(ProjectConfigurationPlatforms) = postSolution
		{3A0F5C79-FAF9-4011-B6BD-5DF657DF98C1}.Debug|Any CPU.ActiveCfg = Debug|Any CPU
		{3A0F5C79-FAF9-4011-B6BD-5DF657DF98C1}.Debug|Any CPU.Build.0 = Debug|Any CPU
		{3A0F5C79-FAF9-4011-B6BD-5DF657DF98C1}.Release|Any CPU.ActiveCfg = Release|Any CPU
		{3A0F5C79-FAF9-4011-B6BD-5DF657DF98C1}.Release|Any CPU.Build.0 = Release|Any CPU
	EndGlobalSection
	GlobalSection(SolutionProperties) = preSolution
		HideSolutionNode = FALSE
	EndGlobalSection
	GlobalSection(ExtensibilityGlobals) = postSolution
		SolutionGuid = {DECBA81D-37F4-4606-983F-1A48928B27E2}
	EndGlobalSection
EndGlobal
